
Microsoft Visual Studio Solution File, Format Version 12.00
# Visual Studio Version 17
VisualStudioVersion = 17.7.34031.279
MinimumVisualStudioVersion = 10.0.40219.1
Project("{8BC9CEB8-8B4A-11D0-8D11-00A0C91BC942}") = "Day 01", "Day 01\Day 01.vcxproj", "{23CFEF48-D2F4-4A4C-B763-DA2D581C2EA5}"
EndProject
Project("{8BC9CEB8-8B4A-11D0-8D11-00A0C91BC942}") = "Day 02", "Day 02\Day 02.vcxproj", "{7E4EEF55-E7B9-4DCB-A879-5FCD5988A7CF}"
EndProject
Project("{8BC9CEB8-8B4A-11D0-8D11-00A0C91BC942}") = "Day 03", "Day 03\Day 03.vcxproj", "{02D45C35-697B-468E-BBF0-129389A3A0C0}"
EndProject
Global
	GlobalSection(SolutionConfigurationPlatforms) = preSolution
		Debug|x64 = Debug|x64
		Debug|x86 = Debug|x86
		Release|x64 = Release|x64
		Release|x86 = Release|x86
	EndGlobalSection
	GlobalSection(ProjectConfigurationPlatforms) = postSolution
		{23CFEF48-D2F4-4A4C-B763-DA2D581C2EA5}.Debug|x64.ActiveCfg = Debug|x64
		{23CFEF48-D2F4-4A4C-B763-DA2D581C2EA5}.Debug|x64.Build.0 = Debug|x64
		{23CFEF48-D2F4-4A4C-B763-DA2D581C2EA5}.Debug|x86.ActiveCfg = Debug|Win32
		{23CFEF48-D2F4-4A4C-B763-DA2D581C2EA5}.Debug|x86.Build.0 = Debug|Win32
		{23CFEF48-D2F4-4A4C-B763-DA2D581C2EA5}.Release|x64.ActiveCfg = Release|x64
		{23CFEF48-D2F4-4A4C-B763-DA2D581C2EA5}.Release|x64.Build.0 = Release|x64
		{23CFEF48-D2F4-4A4C-B763-DA2D581C2EA5}.Release|x86.ActiveCfg = Release|Win32
		{23CFEF48-D2F4-4A4C-B763-DA2D581C2EA5}.Release|x86.Build.0 = Release|Win32
		{7E4EEF55-E7B9-4DCB-A879-5FCD5988A7CF}.Debug|x64.ActiveCfg = Debug|x64
		{7E4EEF55-E7B9-4DCB-A879-5FCD5988A7CF}.Debug|x64.Build.0 = Debug|x64
		{7E4EEF55-E7B9-4DCB-A879-5FCD5988A7CF}.Debug|x86.ActiveCfg = Debug|Win32
		{7E4EEF55-E7B9-4DCB-A879-5FCD5988A7CF}.Debug|x86.Build.0 = Debug|Win32
		{7E4EEF55-E7B9-4DCB-A879-5FCD5988A7CF}.Release|x64.ActiveCfg = Release|x64
		{7E4EEF55-E7B9-4DCB-A879-5FCD5988A7CF}.Release|x64.Build.0 = Release|x64
		{7E4EEF55-E7B9-4DCB-A879-5FCD5988A7CF}.Release|x86.ActiveCfg = Release|Win32
		{7E4EEF55-E7B9-4DCB-A879-5FCD5988A7CF}.Release|x86.Build.0 = Release|Win32
		{02D45C35-697B-468E-BBF0-129389A3A0C0}.Debug|x64.ActiveCfg = Debug|x64
		{02D45C35-697B-468E-BBF0-129389A3A0C0}.Debug|x64.Build.0 = Debug|x64
		{02D45C35-697B-468E-BBF0-129389A3A0C0}.Debug|x86.ActiveCfg = Debug|Win32
		{02D45C35-697B-468E-BBF0-129389A3A0C0}.Debug|x86.Build.0 = Debug|Win32
		{02D45C35-697B-468E-BBF0-129389A3A0C0}.Release|x64.ActiveCfg = Release|x64
		{02D45C35-697B-468E-BBF0-129389A3A0C0}.Release|x64.Build.0 = Release|x64
		{02D45C35-697B-468E-BBF0-129389A3A0C0}.Release|x86.ActiveCfg = Release|Win32
		{02D45C35-697B-468E-BBF0-129389A3A0C0}.Release|x86.Build.0 = Release|Win32
	EndGlobalSection
	GlobalSection(SolutionProperties) = preSolution
		HideSolutionNode = FALSE
	EndGlobalSection
	GlobalSection(ExtensibilityGlobals) = postSolution
		SolutionGuid = {59AF5110-CFB3-4D1A-9E49-D0B155DAA261}
	EndGlobalSection
EndGlobal
